<?xml version="1.0" encoding="utf-8"?>
<Project ToolsVersion="4.0" xmlns="http://schemas.microsoft.com/developer/msbuild/2003">
  <ItemGroup>
    <Filter Include="common">
      <UniqueIdentifier>{eaee9269-96af-4836-a0e8-601dbeb5b72a}</UniqueIdentifier>
    </Filter>
    <Filter Include="Entity">
      <UniqueIdentifier>{d8b12f3b-461c-4c8b-be90-555db708839b}</UniqueIdentifier>
    </Filter>
    <Filter Include="Message">
      <UniqueIdentifier>{864795d3-b84f-4703-b41d-4e27d0c4a9f3}</UniqueIdentifier>
    </Filter>
    <Filter Include="World">
      <UniqueIdentifier>{3266cb9b-df92-4b27-b4b3-3763ab02f5b6}</UniqueIdentifier>
    </Filter>
    <Filter Include="TimerWorker">
      <UniqueIdentifier>{16f27022-a990-4a69-9271-bb1aa52ce3fe}</UniqueIdentifier>
    </Filter>
    <Filter Include="Lua">
      <UniqueIdentifier>{095eb44d-3a52-466d-889f-867f051da6c5}</UniqueIdentifier>
    </Filter>
    <Filter Include="Lua\Lua5.3">
      <UniqueIdentifier>{7645a47e-2d74-4d7c-a192-14b7bbe24461}</UniqueIdentifier>
    </Filter>
    <Filter Include="Lua\Lua5.3\LuaTinker">
      <UniqueIdentifier>{4f997e1d-7260-4ce3-b05f-dd45348e7384}</UniqueIdentifier>
    </Filter>
    <Filter Include="AI">
      <UniqueIdentifier>{d4e989f7-fdad-4c0a-907c-30b7d9902eea}</UniqueIdentifier>
    </Filter>
    <Filter Include="AI\State">
      <UniqueIdentifier>{dca3c268-8dc1-4857-8258-5338ff005427}</UniqueIdentifier>
    </Filter>
    <Filter Include="AI\State\ConcreteStates">
      <UniqueIdentifier>{3527e248-d0f8-4b78-bccf-542e9e74ea89}</UniqueIdentifier>
    </Filter>
    <Filter Include="AI\State\FSM">
      <UniqueIdentifier>{3256dead-f78a-4fa6-b6e3-d51f6a4625f9}</UniqueIdentifier>
    </Filter>
    <Filter Include="AI\State\HFSM">
      <UniqueIdentifier>{591fed4b-53e0-4324-b6b1-a3e521e37cb5}</UniqueIdentifier>
    </Filter>
    <Filter Include="AI\BehaviorTree">
      <UniqueIdentifier>{12f2084e-013c-444f-a72d-737976aadb6d}</UniqueIdentifier>
    </Filter>
    <Filter Include="EventQueue">
      <UniqueIdentifier>{b44991b0-f6c4-452a-b66a-86f61234d580}</UniqueIdentifier>
    </Filter>
    <Filter Include="Thread">
      <UniqueIdentifier>{ee7cdc4f-b172-4bcd-8f3a-f8723864b6ac}</UniqueIdentifier>
    </Filter>
    <Filter Include="Event">
      <UniqueIdentifier>{18efdcc9-5d7f-44ad-9493-3630cc614adc}</UniqueIdentifier>
    </Filter>
    <Filter Include="Dispatcher">
      <UniqueIdentifier>{45a7f398-aca8-4c6b-b6a2-2d9d359f7d41}</UniqueIdentifier>
    </Filter>
    <Filter Include="Action">
      <UniqueIdentifier>{808cdb99-01f6-4bfc-86b2-f7dabc42d31b}</UniqueIdentifier>
    </Filter>
    <Filter Include="Factory">
      <UniqueIdentifier>{b7821e4a-d7eb-48a2-a92f-0fd4969b9fed}</UniqueIdentifier>
    </Filter>
    <Filter Include="NetWork">
      <UniqueIdentifier>{fc682959-2f2f-4866-b2fd-5e4215268a83}</UniqueIdentifier>
    </Filter>
  </ItemGroup>
  <ItemGroup>
    <ClInclude Include="State.h">
      <Filter>AI\State</Filter>
    </ClInclude>
    <ClInclude Include="Singleton.h">
      <Filter>common</Filter>
    </ClInclude>
    <ClInclude Include="NonCopyable.h">
      <Filter>common</Filter>
    </ClInclude>
    <ClInclude Include="CommonData.h">
      <Filter>common</Filter>
    </ClInclude>
    <ClInclude Include="MessageManager.h">
      <Filter>Message</Filter>
    </ClInclude>
    <ClInclude Include="EntityManager.h">
      <Filter>Entity</Filter>
    </ClInclude>
    <ClInclude Include="..\ExternalLibrary\lua-5.3.0\src\lapi.h">
      <Filter>Lua\Lua5.3</Filter>
    </ClInclude>
    <ClInclude Include="..\ExternalLibrary\lua-5.3.0\src\lauxlib.h">
      <Filter>Lua\Lua5.3</Filter>
    </ClInclude>
    <ClInclude Include="..\ExternalLibrary\lua-5.3.0\src\lcode.h">
      <Filter>Lua\Lua5.3</Filter>
    </ClInclude>
    <ClInclude Include="..\ExternalLibrary\lua-5.3.0\src\lctype.h">
      <Filter>Lua\Lua5.3</Filter>
    </ClInclude>
    <ClInclude Include="..\ExternalLibrary\lua-5.3.0\src\ldebug.h">
      <Filter>Lua\Lua5.3</Filter>
    </ClInclude>
    <ClInclude Include="..\ExternalLibrary\lua-5.3.0\src\ldo.h">
      <Filter>Lua\Lua5.3</Filter>
    </ClInclude>
    <ClInclude Include="..\ExternalLibrary\lua-5.3.0\src\lfunc.h">
      <Filter>Lua\Lua5.3</Filter>
    </ClInclude>
    <ClInclude Include="..\ExternalLibrary\lua-5.3.0\src\lgc.h">
      <Filter>Lua\Lua5.3</Filter>
    </ClInclude>
    <ClInclude Include="..\ExternalLibrary\lua-5.3.0\src\llex.h">
      <Filter>Lua\Lua5.3</Filter>
    </ClInclude>
    <ClInclude Include="..\ExternalLibrary\lua-5.3.0\src\llimits.h">
      <Filter>Lua\Lua5.3</Filter>
    </ClInclude>
    <ClInclude Include="..\ExternalLibrary\lua-5.3.0\src\lmem.h">
      <Filter>Lua\Lua5.3</Filter>
    </ClInclude>
    <ClInclude Include="..\ExternalLibrary\lua-5.3.0\src\lobject.h">
      <Filter>Lua\Lua5.3</Filter>
    </ClInclude>
    <ClInclude Include="..\ExternalLibrary\lua-5.3.0\src\lopcodes.h">
      <Filter>Lua\Lua5.3</Filter>
    </ClInclude>
    <ClInclude Include="..\ExternalLibrary\lua-5.3.0\src\lparser.h">
      <Filter>Lua\Lua5.3</Filter>
    </ClInclude>
    <ClInclude Include="..\ExternalLibrary\lua-5.3.0\src\lprefix.h">
      <Filter>Lua\Lua5.3</Filter>
    </ClInclude>
    <ClInclude Include="..\ExternalLibrary\lua-5.3.0\src\lstate.h">
      <Filter>Lua\Lua5.3</Filter>
    </ClInclude>
    <ClInclude Include="..\ExternalLibrary\lua-5.3.0\src\lstring.h">
      <Filter>Lua\Lua5.3</Filter>
    </ClInclude>
    <ClInclude Include="..\ExternalLibrary\lua-5.3.0\src\ltable.h">
      <Filter>Lua\Lua5.3</Filter>
    </ClInclude>
    <ClInclude Include="..\ExternalLibrary\lua-5.3.0\src\ltm.h">
      <Filter>Lua\Lua5.3</Filter>
    </ClInclude>
    <ClInclude Include="..\ExternalLibrary\lua-5.3.0\src\lua.h">
      <Filter>Lua\Lua5.3</Filter>
    </ClInclude>
    <ClInclude Include="..\ExternalLibrary\lua-5.3.0\src\lua.hpp">
      <Filter>Lua\Lua5.3</Filter>
    </ClInclude>
    <ClInclude Include="..\ExternalLibrary\lua-5.3.0\src\luaconf.h">
      <Filter>Lua\Lua5.3</Filter>
    </ClInclude>
    <ClInclude Include="..\ExternalLibrary\lua-5.3.0\src\lualib.h">
      <Filter>Lua\Lua5.3</Filter>
    </ClInclude>
    <ClInclude Include="..\ExternalLibrary\lua-5.3.0\src\lundump.h">
      <Filter>Lua\Lua5.3</Filter>
    </ClInclude>
    <ClInclude Include="..\ExternalLibrary\lua-5.3.0\src\lvm.h">
      <Filter>Lua\Lua5.3</Filter>
    </ClInclude>
    <ClInclude Include="..\ExternalLibrary\lua-5.3.0\src\lzio.h">
      <Filter>Lua\Lua5.3</Filter>
    </ClInclude>
    <ClInclude Include="HFSM.h">
      <Filter>AI\State\HFSM</Filter>
    </ClInclude>
    <ClInclude Include="StateNPC.h">
      <Filter>AI\State\ConcreteStates</Filter>
    </ClInclude>
    <ClInclude Include="StatePlayer.h">
      <Filter>AI\State\ConcreteStates</Filter>
    </ClInclude>
    <ClInclude Include="..\ExternalLibrary\lua-5.3.0\lua_tinker\lua_tinker.hpp">
      <Filter>Lua\Lua5.3\LuaTinker</Filter>
    </ClInclude>
    <ClInclude Include="..\ExternalLibrary\lua-5.3.0\lua_tinker\ScriptBase.hpp">
      <Filter>Lua\Lua5.3\LuaTinker</Filter>
    </ClInclude>
    <ClInclude Include="LuaManager.h">
      <Filter>Lua</Filter>
    </ClInclude>
    <ClInclude Include="FSM.h">
      <Filter>AI\State\FSM</Filter>
    </ClInclude>
    <ClInclude Include="BehaviorTree.h">
      <Filter>AI\BehaviorTree</Filter>
    </ClInclude>
    <ClInclude Include="TimerWorker.h">
      <Filter>TimerWorker</Filter>
    </ClInclude>
    <ClInclude Include="ThreadPool.h">
      <Filter>Thread</Filter>
    </ClInclude>
    <ClInclude Include="EventQueue.h">
      <Filter>EventQueue</Filter>
    </ClInclude>
    <ClInclude Include="ThreadWorker.h">
      <Filter>Thread</Filter>
    </ClInclude>
    <ClInclude Include="ThreadEventManager.h">
      <Filter>Thread</Filter>
    </ClInclude>
    <ClInclude Include="Thread.h">
      <Filter>Thread</Filter>
    </ClInclude>
    <ClInclude Include="Event.h">
      <Filter>Event</Filter>
    </ClInclude>
    <ClInclude Include="Dispatcher.h">
      <Filter>Dispatcher</Filter>
    </ClInclude>
    <ClInclude Include="Action.h">
      <Filter>Action</Filter>
    </ClInclude>
    <ClInclude Include="ActionAI.h">
      <Filter>Action</Filter>
    </ClInclude>
    <ClInclude Include="ActionState.h">
      <Filter>Action</Filter>
    </ClInclude>
    <ClInclude Include="EntityFactory.h">
      <Filter>Factory</Filter>
    </ClInclude>
    <ClInclude Include="BaseFactoryImpl.h">
      <Filter>Factory</Filter>
    </ClInclude>
    <ClInclude Include="FactoryNpcImpl.h">
      <Filter>Factory</Filter>
    </ClInclude>
    <ClInclude Include="Entity.h">
      <Filter>Entity</Filter>
    </ClInclude>
    <ClInclude Include="BTM.h">
      <Filter>AI\BehaviorTree</Filter>
    </ClInclude>
    <ClInclude Include="ActionBT.h">
      <Filter>Action</Filter>
    </ClInclude>
    <ClInclude Include="ActionMove.h">
      <Filter>Action</Filter>
    </ClInclude>
    <ClInclude Include="ActionNpcFight.h">
      <Filter>Action</Filter>
    </ClInclude>
    <ClInclude Include="ActionPlayerFight.h">
      <Filter>Action</Filter>
    </ClInclude>
    <ClInclude Include="FactoryPlayerImpl.h">
      <Filter>Factory</Filter>
    </ClInclude>
    <ClInclude Include="Act.h">
      <Filter>NetWork</Filter>
    </ClInclude>
    <ClInclude Include="Actor.h">
      <Filter>NetWork</Filter>
    </ClInclude>
    <ClInclude Include="Proactor.h">
      <Filter>NetWork</Filter>
    </ClInclude>
    <ClInclude Include="PacketStream.h">
      <Filter>NetWork</Filter>
    </ClInclude>
    <ClInclude Include="ActionLuaScript.h">
      <Filter>Action</Filter>
    </ClInclude>
    <ClInclude Include="MemoryPool.h" />
    <ClInclude Include="TcpSocket.h">
      <Filter>NetWork</Filter>
    </ClInclude>
    <ClInclude Include="Sender.h">
      <Filter>NetWork</Filter>
    </ClInclude>
    <ClInclude Include="Receiver.h">
      <Filter>NetWork</Filter>
    </ClInclude>
    <ClInclude Include="Connector.h">
      <Filter>NetWork</Filter>
    </ClInclude>
    <ClInclude Include="EventCallBack.h">
      <Filter>Event</Filter>
    </ClInclude>
    <ClInclude Include="MessageQueue.h">
      <Filter>Event</Filter>
    </ClInclude>
    <ClInclude Include="TcpListenSocket.h">
      <Filter>NetWork</Filter>
    </ClInclude>
    <ClInclude Include="ServerIOCP.h">
      <Filter>NetWork</Filter>
    </ClInclude>
    <ClInclude Include="Acceptor.h">
      <Filter>NetWork</Filter>
    </ClInclude>
  </ItemGroup>
  <ItemGroup>
    <ClCompile Include="main.cpp" />
    <ClCompile Include="EntityManager.cpp">
      <Filter>Entity</Filter>
    </ClCompile>
    <ClCompile Include="MessageManager.cpp">
      <Filter>Message</Filter>
    </ClCompile>
    <ClCompile Include="..\ExternalLibrary\lua-5.3.0\src\lapi.c">
      <Filter>Lua\Lua5.3</Filter>
    </ClCompile>
    <ClCompile Include="..\ExternalLibrary\lua-5.3.0\src\lauxlib.c">
      <Filter>Lua\Lua5.3</Filter>
    </ClCompile>
    <ClCompile Include="..\ExternalLibrary\lua-5.3.0\src\lbaselib.c">
      <Filter>Lua\Lua5.3</Filter>
    </ClCompile>
    <ClCompile Include="..\ExternalLibrary\lua-5.3.0\src\lbitlib.c">
      <Filter>Lua\Lua5.3</Filter>
    </ClCompile>
    <ClCompile Include="..\ExternalLibrary\lua-5.3.0\src\lcode.c">
      <Filter>Lua\Lua5.3</Filter>
    </ClCompile>
    <ClCompile Include="..\ExternalLibrary\lua-5.3.0\src\lcorolib.c">
      <Filter>Lua\Lua5.3</Filter>
    </ClCompile>
    <ClCompile Include="..\ExternalLibrary\lua-5.3.0\src\lctype.c">
      <Filter>Lua\Lua5.3</Filter>
    </ClCompile>
    <ClCompile Include="..\ExternalLibrary\lua-5.3.0\src\ldblib.c">
      <Filter>Lua\Lua5.3</Filter>
    </ClCompile>
    <ClCompile Include="..\ExternalLibrary\lua-5.3.0\src\ldebug.c">
      <Filter>Lua\Lua5.3</Filter>
    </ClCompile>
    <ClCompile Include="..\ExternalLibrary\lua-5.3.0\src\ldo.c">
      <Filter>Lua\Lua5.3</Filter>
    </ClCompile>
    <ClCompile Include="..\ExternalLibrary\lua-5.3.0\src\ldump.c">
      <Filter>Lua\Lua5.3</Filter>
    </ClCompile>
    <ClCompile Include="..\ExternalLibrary\lua-5.3.0\src\lfunc.c">
      <Filter>Lua\Lua5.3</Filter>
    </ClCompile>
    <ClCompile Include="..\ExternalLibrary\lua-5.3.0\src\lgc.c">
      <Filter>Lua\Lua5.3</Filter>
    </ClCompile>
    <ClCompile Include="..\ExternalLibrary\lua-5.3.0\src\linit.c">
      <Filter>Lua\Lua5.3</Filter>
    </ClCompile>
    <ClCompile Include="..\ExternalLibrary\lua-5.3.0\src\liolib.c">
      <Filter>Lua\Lua5.3</Filter>
    </ClCompile>
    <ClCompile Include="..\ExternalLibrary\lua-5.3.0\src\llex.c">
      <Filter>Lua\Lua5.3</Filter>
    </ClCompile>
    <ClCompile Include="..\ExternalLibrary\lua-5.3.0\src\lmathlib.c">
      <Filter>Lua\Lua5.3</Filter>
    </ClCompile>
    <ClCompile Include="..\ExternalLibrary\lua-5.3.0\src\lmem.c">
      <Filter>Lua\Lua5.3</Filter>
    </ClCompile>
    <ClCompile Include="..\ExternalLibrary\lua-5.3.0\src\loadlib.c">
      <Filter>Lua\Lua5.3</Filter>
    </ClCompile>
    <ClCompile Include="..\ExternalLibrary\lua-5.3.0\src\lobject.c">
      <Filter>Lua\Lua5.3</Filter>
    </ClCompile>
    <ClCompile Include="..\ExternalLibrary\lua-5.3.0\src\lopcodes.c">
      <Filter>Lua\Lua5.3</Filter>
    </ClCompile>
    <ClCompile Include="..\ExternalLibrary\lua-5.3.0\src\loslib.c">
      <Filter>Lua\Lua5.3</Filter>
    </ClCompile>
    <ClCompile Include="..\ExternalLibrary\lua-5.3.0\src\lparser.c">
      <Filter>Lua\Lua5.3</Filter>
    </ClCompile>
    <ClCompile Include="..\ExternalLibrary\lua-5.3.0\src\lstate.c">
      <Filter>Lua\Lua5.3</Filter>
    </ClCompile>
    <ClCompile Include="..\ExternalLibrary\lua-5.3.0\src\lstring.c">
      <Filter>Lua\Lua5.3</Filter>
    </ClCompile>
    <ClCompile Include="..\ExternalLibrary\lua-5.3.0\src\lstrlib.c">
      <Filter>Lua\Lua5.3</Filter>
    </ClCompile>
    <ClCompile Include="..\ExternalLibrary\lua-5.3.0\src\ltable.c">
      <Filter>Lua\Lua5.3</Filter>
    </ClCompile>
    <ClCompile Include="..\ExternalLibrary\lua-5.3.0\src\ltablib.c">
      <Filter>Lua\Lua5.3</Filter>
    </ClCompile>
    <ClCompile Include="..\ExternalLibrary\lua-5.3.0\src\ltm.c">
      <Filter>Lua\Lua5.3</Filter>
    </ClCompile>
    <ClCompile Include="..\ExternalLibrary\lua-5.3.0\src\lua.c">
      <Filter>Lua\Lua5.3</Filter>
    </ClCompile>
    <ClCompile Include="..\ExternalLibrary\lua-5.3.0\src\luac.c">
      <Filter>Lua\Lua5.3</Filter>
    </ClCompile>
    <ClCompile Include="..\ExternalLibrary\lua-5.3.0\src\lundump.c">
      <Filter>Lua\Lua5.3</Filter>
    </ClCompile>
    <ClCompile Include="..\ExternalLibrary\lua-5.3.0\src\lutf8lib.c">
      <Filter>Lua\Lua5.3</Filter>
    </ClCompile>
    <ClCompile Include="..\ExternalLibrary\lua-5.3.0\src\lvm.c">
      <Filter>Lua\Lua5.3</Filter>
    </ClCompile>
    <ClCompile Include="..\ExternalLibrary\lua-5.3.0\src\lzio.c">
      <Filter>Lua\Lua5.3</Filter>
    </ClCompile>
    <ClCompile Include="StateNPC.cpp">
      <Filter>AI\State\ConcreteStates</Filter>
    </ClCompile>
    <ClCompile Include="StatePlayer.cpp">
      <Filter>AI\State\ConcreteStates</Filter>
    </ClCompile>
    <ClCompile Include="..\ExternalLibrary\lua-5.3.0\lua_tinker\lua_tinker.cpp">
      <Filter>Lua\Lua5.3\LuaTinker</Filter>
    </ClCompile>
    <ClCompile Include="..\ExternalLibrary\lua-5.3.0\lua_tinker\ScriptBase.cpp">
      <Filter>Lua\Lua5.3\LuaTinker</Filter>
    </ClCompile>
    <ClCompile Include="LuaManager.cpp">
      <Filter>Lua</Filter>
    </ClCompile>
    <ClCompile Include="TimerWorker.cpp">
      <Filter>TimerWorker</Filter>
    </ClCompile>
    <ClCompile Include="EventQueue.cpp">
      <Filter>EventQueue</Filter>
    </ClCompile>
    <ClCompile Include="ThreadWorker.cpp">
      <Filter>Thread</Filter>
    </ClCompile>
    <ClCompile Include="ThreadEventManager.cpp">
      <Filter>Thread</Filter>
    </ClCompile>
    <ClCompile Include="Thread.cpp">
      <Filter>Thread</Filter>
    </ClCompile>
    <ClCompile Include="ActionAI.cpp">
      <Filter>Action</Filter>
    </ClCompile>
    <ClCompile Include="ActionState.cpp">
      <Filter>Action</Filter>
    </ClCompile>
    <ClCompile Include="EntityFactory.cpp">
      <Filter>Factory</Filter>
    </ClCompile>
    <ClCompile Include="FactoryNpcImpl.cpp">
      <Filter>Factory</Filter>
    </ClCompile>
    <ClCompile Include="ActionBT.cpp">
      <Filter>Action</Filter>
    </ClCompile>
    <ClCompile Include="ActionMove.cpp">
      <Filter>Action</Filter>
    </ClCompile>
    <ClCompile Include="ActionNpcFight.cpp">
      <Filter>Action</Filter>
    </ClCompile>
    <ClCompile Include="ActionPlayerFight.cpp">
      <Filter>Action</Filter>
    </ClCompile>
    <ClCompile Include="Entity.cpp">
      <Filter>Entity</Filter>
    </ClCompile>
    <ClCompile Include="FactoryPlayerImpl.cpp">
      <Filter>Factory</Filter>
    </ClCompile>
    <ClCompile Include="Proactor.cpp">
      <Filter>NetWork</Filter>
    </ClCompile>
    <ClCompile Include="PacketStream.cpp">
      <Filter>NetWork</Filter>
    </ClCompile>
    <ClCompile Include="ActionLuaScript.cpp">
      <Filter>Action</Filter>
    </ClCompile>
    <ClCompile Include="TcpSocket.cpp">
      <Filter>NetWork</Filter>
    </ClCompile>
    <ClCompile Include="Sender.cpp">
      <Filter>NetWork</Filter>
    </ClCompile>
    <ClCompile Include="Receiver.cpp">
      <Filter>NetWork</Filter>
    </ClCompile>
    <ClCompile Include="Connector.cpp">
      <Filter>NetWork</Filter>
    </ClCompile>
    <ClCompile Include="ServerIOCP.cpp">
      <Filter>NetWork</Filter>
    </ClCompile>
    <ClCompile Include="Acceptor.cpp">
      <Filter>NetWork</Filter>
    </ClCompile>
  </ItemGroup>
  <ItemGroup>
    <None Include="..\ExternalLibrary\lua-5.3.0\src\Makefile">
      <Filter>Lua\Lua5.3</Filter>
    </None>
  </ItemGroup>
</Project>